
Microsoft Visual Studio Solution File, Format Version 12.00
# Visual Studio Version 17
VisualStudioVersion = 17.10.35027.167
MinimumVisualStudioVersion = 10.0.40219.1
Project("{8BC9CEB8-8B4A-11D0-8D11-00A0C91BC942}") = "Qt_OpenGL", "Qt_OpenGL.vcxproj", "{262A40C0-1D42-47B1-A546-9A94C20D4B2F}"
EndProject
Global
	GlobalSection(SolutionConfigurationPlatforms) = preSolution
		Debug|x64 = Debug|x64
	EndGlobalSection
	GlobalSection(ProjectConfigurationPlatforms) = postSolution
		{262A40C0-1D42-47B1-A546-9A94C20D4B2F}.Debug|x64.ActiveCfg = Debug|x64
		{262A40C0-1D42-47B1-A546-9A94C20D4B2F}.Debug|x64.Build.0 = Debug|x64
	EndGlobalSection
	GlobalSection(SolutionProperties) = preSolution
		HideSolutionNode = FALSE
	EndGlobalSection
	GlobalSection(ExtensibilityGlobals) = postSolution
		SolutionGuid = {6814CDCC-47A5-4F16-8B9E-95BF339CD433}
	EndGlobalSection
EndGlobal
